
Microsoft Visual Studio Solution File, Format Version 12.00
# Visual Studio Version 17
VisualStudioVersion = 17.4.33103.184
MinimumVisualStudioVersion = 10.0.40219.1
Project("{FAE04EC0-301F-11D3-BF4B-00C04F79EFBC}") = "HackDataSince_2", "HackDataSince_2.csproj", "{D596D53A-333A-427D-917B-C7E1235F469A}"
EndProject
Global
	GlobalSection(SolutionConfigurationPlatforms) = preSolution
		Debug|Any CPU = Debug|Any CPU
		Release|Any CPU = Release|Any CPU
	EndGlobalSection
	GlobalSection(ProjectConfigurationPlatforms) = postSolution
		{D596D53A-333A-427D-917B-C7E1235F469A}.Debug|Any CPU.ActiveCfg = Debug|Any CPU
		{D596D53A-333A-427D-917B-C7E1235F469A}.Debug|Any CPU.Build.0 = Debug|Any CPU
		{D596D53A-333A-427D-917B-C7E1235F469A}.Release|Any CPU.ActiveCfg = Release|Any CPU
		{D596D53A-333A-427D-917B-C7E1235F469A}.Release|Any CPU.Build.0 = Release|Any CPU
	EndGlobalSection
	GlobalSection(SolutionProperties) = preSolution
		HideSolutionNode = FALSE
	EndGlobalSection
	GlobalSection(ExtensibilityGlobals) = postSolution
		SolutionGuid = {EF6A3EAB-EC17-46E0-BBC0-99F9F34B07F8}
	EndGlobalSection
EndGlobal
